PODS:
  - M13OrderedDictionary (1.1.0)
  - ObjectiveDDP (0.2.0):
    - M13OrderedDictionary
    - SocketRocket (= 0.4.1)
  - OpenTok (2.10.2)
  - SocketRocket (0.4.1)

DEPENDENCIES:
  - ObjectiveDDP (from `https://github.com/boundsj/ObjectiveDDP.git`)
  - OpenTok (~> 2.10)

EXTERNAL SOURCES:
  ObjectiveDDP:
    :git: https://github.com/boundsj/ObjectiveDDP.git

CHECKOUT OPTIONS:
  ObjectiveDDP:
    :commit: bd34e49242d12d0d999fc101daa71cb2dc2ac2ec
    :git: https://github.com/boundsj/ObjectiveDDP.git

SPEC CHECKSUMS:
  M13OrderedDictionary: 6e157fe9c82aa6b3cd7198f5c5c30c7a6834c4a6
  ObjectiveDDP: 31a2ffbb2f4f3d1b363590fde1b3eb02a75c37d2
  OpenTok: 9f0909068d6ed69acffa77a4610b47924926f79e
  SocketRocket: ee0b5c34182d37bb4f1f8d628bbe737718126daa

PODFILE CHECKSUM: eceb0414cd467b5fe730311f596b4fd1edc64c58

COCOAPODS: 1.3.1
