PODS:
  - M13OrderedDictionary (1.1.0)
  - ObjectiveDDP (0.2.0):
    - M13OrderedDictionary
    - SocketRocket (= 0.4.1)
  - OpenTok (2.10.0)
  - SocketRocket (0.4.1)

DEPENDENCIES:
  - ObjectiveDDP (from `../ObjectiveDDP/ObjectiveDDP.podspec`)
  - OpenTok

EXTERNAL SOURCES:
  ObjectiveDDP:
    :path: ../ObjectiveDDP/ObjectiveDDP.podspec

SPEC CHECKSUMS:
  M13OrderedDictionary: 6e157fe9c82aa6b3cd7198f5c5c30c7a6834c4a6
  ObjectiveDDP: c2225f6896d671977b7046afc0530967cd141f90
  OpenTok: 0b4d35b08b126e960484579a0d851f1a02f1d643
  SocketRocket: ee0b5c34182d37bb4f1f8d628bbe737718126daa

PODFILE CHECKSUM: 108d92e7e6c14ae08edf073c87848b7470dad41d

COCOAPODS: 1.2.0.rc.1
