// !$*UTF8*$!
{
	archiveVersion = 1;
	classes = {
	};
	objectVersion = 46;
	objects = {

/* Begin PBXBuildFile section */
		142001481FD74BC000D21F94 /* RPPTClient+Location.swift in Sources */ = {isa = PBXBuildFile; fileRef = 142001471FD74BC000D21F94 /* RPPTClient+Location.swift */; };
		1420014A1FD74F0500D21F94 /* RPPTLocationManager.swift in Sources */ = {isa = PBXBuildFile; fileRef = 142001491FD74F0500D21F94 /* RPPTLocationManager.swift */; };
		1420014E1FD74FE600D21F94 /* RPPTSessionManager.swift in Sources */ = {isa = PBXBuildFile; fileRef = 1420014D1FD74FE600D21F94 /* RPPTSessionManager.swift */; };
		142001521FD75E7C00D21F94 /* RPPTClient.swift in Sources */ = {isa = PBXBuildFile; fileRef = 142001511FD75E7C00D21F94 /* RPPTClient.swift */; };
		142001541FD7622800D21F94 /* RPPTClient+Session.swift in Sources */ = {isa = PBXBuildFile; fileRef = 142001531FD7622800D21F94 /* RPPTClient+Session.swift */; };
		142001561FD767FC00D21F94 /* RPPTTask.swift in Sources */ = {isa = PBXBuildFile; fileRef = 142001551FD767FC00D21F94 /* RPPTTask.swift */; };
		94449CCC1E2367CC0033430C /* ScreenCapturer.swift in Sources */ = {isa = PBXBuildFile; fileRef = 94449CCB1E2367CC0033430C /* ScreenCapturer.swift */; };
		94A2A744DF1D49F5D68E13ED /* libPods-RPPT.a in Frameworks */ = {isa = PBXBuildFile; fileRef = 6D648DADD84CFEF0C1CDC5BB /* libPods-RPPT.a */; };
		AA11A15E19EB3FE9008CFDEA /* Main.storyboard in Resources */ = {isa = PBXBuildFile; fileRef = AA11A15C19EB3FE9008CFDEA /* Main.storyboard */; };
		AA78AA6A1A0C20D100CA4B40 /* bridge.m in Sources */ = {isa = PBXBuildFile; fileRef = AA78AA691A0C20D100CA4B40 /* bridge.m */; };
		AA881AB419DE6F88004F9DB1 /* AppDelegate.swift in Sources */ = {isa = PBXBuildFile; fileRef = AA881AB319DE6F88004F9DB1 /* AppDelegate.swift */; };
		AA881AB619DE6F88004F9DB1 /* RPPTController.swift in Sources */ = {isa = PBXBuildFile; fileRef = AA881AB519DE6F88004F9DB1 /* RPPTController.swift */; };
		AA881ABB19DE6F88004F9DB1 /* Images.xcassets in Resources */ = {isa = PBXBuildFile; fileRef = AA881ABA19DE6F88004F9DB1 /* Images.xcassets */; };
		AA881ABE19DE6F88004F9DB1 /* LaunchScreen.xib in Resources */ = {isa = PBXBuildFile; fileRef = AA881ABC19DE6F88004F9DB1 /* LaunchScreen.xib */; };
/* End PBXBuildFile section */

/* Begin PBXFileReference section */
		142001471FD74BC000D21F94 /* RPPTClient+Location.swift */ = {isa = PBXFileReference; lastKnownFileType = sourcecode.swift; path = "RPPTClient+Location.swift"; sourceTree = "<group>"; };
		142001491FD74F0500D21F94 /* RPPTLocationManager.swift */ = {isa = PBXFileReference; lastKnownFileType = sourcecode.swift; path = RPPTLocationManager.swift; sourceTree = "<group>"; };
		1420014D1FD74FE600D21F94 /* RPPTSessionManager.swift */ = {isa = PBXFileReference; lastKnownFileType = sourcecode.swift; path = RPPTSessionManager.swift; sourceTree = "<group>"; };
		142001511FD75E7C00D21F94 /* RPPTClient.swift */ = {isa = PBXFileReference; lastKnownFileType = sourcecode.swift; path = RPPTClient.swift; sourceTree = "<group>"; };
		142001531FD7622800D21F94 /* RPPTClient+Session.swift */ = {isa = PBXFileReference; fileEncoding = 4; lastKnownFileType = sourcecode.swift; path = "RPPTClient+Session.swift"; sourceTree = "<group>"; };
		142001551FD767FC00D21F94 /* RPPTTask.swift */ = {isa = PBXFileReference; lastKnownFileType = sourcecode.swift; path = RPPTTask.swift; sourceTree = "<group>"; };
		6D648DADD84CFEF0C1CDC5BB /* libPods-RPPT.a */ = {isa = PBXFileReference; explicitFileType = archive.ar; includeInIndex = 0; path = "libPods-RPPT.a"; sourceTree = BUILT_PRODUCTS_DIR; };
		94449CCB1E2367CC0033430C /* ScreenCapturer.swift */ = {isa = PBXFileReference; fileEncoding = 4; lastKnownFileType = sourcecode.swift; path = ScreenCapturer.swift; sourceTree = "<group>"; };
		AA0208D219EC496C00180328 /* remote-paper-prototyper-ios-Bridging-Header.h */ = {isa = PBXFileReference; lastKnownFileType = sourcecode.c.h; path = "remote-paper-prototyper-ios-Bridging-Header.h"; sourceTree = "<group>"; };
		AA11A15D19EB3FE9008CFDEA /* Base */ = {isa = PBXFileReference; lastKnownFileType = file.storyboard; name = Base; path = Base.lproj/Main.storyboard; sourceTree = "<group>"; };
		AA1ABF4019F8A7B200DF101B /* OpenTok.framework */ = {isa = PBXFileReference; lastKnownFileType = wrapper.framework; path = OpenTok.framework; sourceTree = "<group>"; };
		AA78AA691A0C20D100CA4B40 /* bridge.m */ = {isa = PBXFileReference; fileEncoding = 4; lastKnownFileType = sourcecode.c.objc; path = bridge.m; sourceTree = SOURCE_ROOT; };
		AA881AAE19DE6F88004F9DB1 /* RPPT.app */ = {isa = PBXFileReference; explicitFileType = wrapper.application; includeInIndex = 0; path = RPPT.app; sourceTree = BUILT_PRODUCTS_DIR; };
		AA881AB219DE6F88004F9DB1 /* Info.plist */ = {isa = PBXFileReference; lastKnownFileType = text.plist.xml; path = Info.plist; sourceTree = "<group>"; };
		AA881AB319DE6F88004F9DB1 /* AppDelegate.swift */ = {isa = PBXFileReference; lastKnownFileType = sourcecode.swift; path = AppDelegate.swift; sourceTree = "<group>"; };
		AA881AB519DE6F88004F9DB1 /* RPPTController.swift */ = {isa = PBXFileReference; lastKnownFileType = sourcecode.swift; path = RPPTController.swift; sourceTree = "<group>"; };
		AA881ABA19DE6F88004F9DB1 /* Images.xcassets */ = {isa = PBXFileReference; lastKnownFileType = folder.assetcatalog; path = Images.xcassets; sourceTree = "<group>"; };
		AA881ABD19DE6F88004F9DB1 /* Base */ = {isa = PBXFileReference; lastKnownFileType = file.xib; name = Base; path = Base.lproj/LaunchScreen.xib; sourceTree = "<group>"; };
		AFC979B52F055A9F2DD1F3CD /* Pods-RPPT.release.xcconfig */ = {isa = PBXFileReference; includeInIndex = 1; lastKnownFileType = text.xcconfig; name = "Pods-RPPT.release.xcconfig"; path = "Pods/Target Support Files/Pods-RPPT/Pods-RPPT.release.xcconfig"; sourceTree = "<group>"; };
		BAC4D294E94F714B7D5A2ADD /* Pods-RPPT.debug.xcconfig */ = {isa = PBXFileReference; includeInIndex = 1; lastKnownFileType = text.xcconfig; name = "Pods-RPPT.debug.xcconfig"; path = "Pods/Target Support Files/Pods-RPPT/Pods-RPPT.debug.xcconfig"; sourceTree = "<group>"; };
/* End PBXFileReference section */

/* Begin PBXFrameworksBuildPhase section */
		AA881AAB19DE6F87004F9DB1 /* Frameworks */ = {
			isa = PBXFrameworksBuildPhase;
			buildActionMask = 2147483647;
			files = (
				94A2A744DF1D49F5D68E13ED /* libPods-RPPT.a in Frameworks */,
			);
			runOnlyForDeploymentPostprocessing = 0;
		};
/* End PBXFrameworksBuildPhase section */

/* Begin PBXGroup section */
		288A570B4F2917BC96AA0FFD /* Pods */ = {
			isa = PBXGroup;
			children = (
				BAC4D294E94F714B7D5A2ADD /* Pods-RPPT.debug.xcconfig */,
				AFC979B52F055A9F2DD1F3CD /* Pods-RPPT.release.xcconfig */,
			);
			name = Pods;
			sourceTree = "<group>";
		};
		AA0208CF19EC489100180328 /* Frameworks */ = {
			isa = PBXGroup;
			children = (
				AA1ABF4019F8A7B200DF101B /* OpenTok.framework */,
				6D648DADD84CFEF0C1CDC5BB /* libPods-RPPT.a */,
			);
			name = Frameworks;
			sourceTree = "<group>";
		};
		AA881AA519DE6F87004F9DB1 = {
			isa = PBXGroup;
			children = (
				AA78AA691A0C20D100CA4B40 /* bridge.m */,
				AA0208CF19EC489100180328 /* Frameworks */,
				AA881AB019DE6F88004F9DB1 /* remote-paper-prototyper-ios */,
				AA881AAF19DE6F88004F9DB1 /* Products */,
				AA0208D219EC496C00180328 /* remote-paper-prototyper-ios-Bridging-Header.h */,
				288A570B4F2917BC96AA0FFD /* Pods */,
			);
			sourceTree = "<group>";
		};
		AA881AAF19DE6F88004F9DB1 /* Products */ = {
			isa = PBXGroup;
			children = (
				AA881AAE19DE6F88004F9DB1 /* RPPT.app */,
			);
			name = Products;
			sourceTree = "<group>";
		};
		AA881AB019DE6F88004F9DB1 /* remote-paper-prototyper-ios */ = {
			isa = PBXGroup;
			children = (
				AA11A15C19EB3FE9008CFDEA /* Main.storyboard */,
				AA881AB319DE6F88004F9DB1 /* AppDelegate.swift */,
				AA881AB519DE6F88004F9DB1 /* RPPTController.swift */,
				142001511FD75E7C00D21F94 /* RPPTClient.swift */,
				142001471FD74BC000D21F94 /* RPPTClient+Location.swift */,
				142001531FD7622800D21F94 /* RPPTClient+Session.swift */,
				1420014D1FD74FE600D21F94 /* RPPTSessionManager.swift */,
				142001491FD74F0500D21F94 /* RPPTLocationManager.swift */,
				142001551FD767FC00D21F94 /* RPPTTask.swift */,
				94449CCB1E2367CC0033430C /* ScreenCapturer.swift */,
				AA881ABA19DE6F88004F9DB1 /* Images.xcassets */,
				AA881ABC19DE6F88004F9DB1 /* LaunchScreen.xib */,
				AA881AB119DE6F88004F9DB1 /* Supporting Files */,
			);
			path = "remote-paper-prototyper-ios";
			sourceTree = "<group>";
		};
		AA881AB119DE6F88004F9DB1 /* Supporting Files */ = {
			isa = PBXGroup;
			children = (
				AA881AB219DE6F88004F9DB1 /* Info.plist */,
			);
			name = "Supporting Files";
			sourceTree = "<group>";
		};
/* End PBXGroup section */

/* Begin PBXNativeTarget section */
		AA881AAD19DE6F87004F9DB1 /* RPPT */ = {
			isa = PBXNativeTarget;
			buildConfigurationList = AA881ACD19DE6F88004F9DB1 /* Build configuration list for PBXNativeTarget "RPPT" */;
			buildPhases = (
				5E47DDF3ECE7D6C905E2B8CC /* [CP] Check Pods Manifest.lock */,
				AA881AAA19DE6F87004F9DB1 /* Sources */,
				AA881AAB19DE6F87004F9DB1 /* Frameworks */,
				AA881AAC19DE6F87004F9DB1 /* Resources */,
				2B128E36470D3A72284C28F3 /* [CP] Embed Pods Frameworks */,
				8EC950F9E126FE16F7976E6D /* [CP] Copy Pods Resources */,
			);
			buildRules = (
			);
			dependencies = (
			);
			name = RPPT;
			productName = "remote-paper-prototyper-ios";
			productReference = AA881AAE19DE6F88004F9DB1 /* RPPT.app */;
			productType = "com.apple.product-type.application";
		};
/* End PBXNativeTarget section */

/* Begin PBXProject section */
		AA881AA619DE6F87004F9DB1 /* Project object */ = {
			isa = PBXProject;
			attributes = {
				LastSwiftMigration = 0700;
				LastSwiftUpdateCheck = 0700;
				LastUpgradeCheck = 0910;
				ORGANIZATIONNAME = aspin;
				TargetAttributes = {
					AA881AAD19DE6F87004F9DB1 = {
						CreatedOnToolsVersion = 6.0.1;
						DevelopmentTeam = QR3YW3B828;
						LastSwiftMigration = 0910;
						SystemCapabilities = {
							com.apple.InAppPurchase = {
								enabled = 0;
							};
						};
					};
				};
			};
			buildConfigurationList = AA881AA919DE6F87004F9DB1 /* Build configuration list for PBXProject "RPPT" */;
			compatibilityVersion = "Xcode 3.2";
			developmentRegion = English;
			hasScannedForEncodings = 0;
			knownRegions = (
				en,
				Base,
			);
			mainGroup = AA881AA519DE6F87004F9DB1;
			productRefGroup = AA881AAF19DE6F88004F9DB1 /* Products */;
			projectDirPath = "";
			projectRoot = "";
			targets = (
				AA881AAD19DE6F87004F9DB1 /* RPPT */,
			);
		};
/* End PBXProject section */

/* Begin PBXResourcesBuildPhase section */
		AA881AAC19DE6F87004F9DB1 /* Resources */ = {
			isa = PBXResourcesBuildPhase;
			buildActionMask = 2147483647;
			files = (
				AA881ABE19DE6F88004F9DB1 /* LaunchScreen.xib in Resources */,
				AA881ABB19DE6F88004F9DB1 /* Images.xcassets in Resources */,
				AA11A15E19EB3FE9008CFDEA /* Main.storyboard in Resources */,
			);
			runOnlyForDeploymentPostprocessing = 0;
		};
/* End PBXResourcesBuildPhase section */

/* Begin PBXShellScriptBuildPhase section */
		2B128E36470D3A72284C28F3 /* [CP] Embed Pods Frameworks */ = {
			isa = PBXShellScriptBuildPhase;
			buildActionMask = 2147483647;
			files = (
			);
			inputPaths = (
			);
			name = "[CP] Embed Pods Frameworks";
			outputPaths = (
			);
			runOnlyForDeploymentPostprocessing = 0;
			shellPath = /bin/sh;
			shellScript = "\"${SRCROOT}/Pods/Target Support Files/Pods-RPPT/Pods-RPPT-frameworks.sh\"\n";
			showEnvVarsInLog = 0;
		};
		5E47DDF3ECE7D6C905E2B8CC /* [CP] Check Pods Manifest.lock */ = {
			isa = PBXShellScriptBuildPhase;
			buildActionMask = 2147483647;
			files = (
			);
			inputPaths = (
				"${PODS_PODFILE_DIR_PATH}/Podfile.lock",
				"${PODS_ROOT}/Manifest.lock",
			);
			name = "[CP] Check Pods Manifest.lock";
			outputPaths = (
				"$(DERIVED_FILE_DIR)/Pods-RPPT-checkManifestLockResult.txt",
			);
			runOnlyForDeploymentPostprocessing = 0;
			shellPath = /bin/sh;
			shellScript = "diff \"${PODS_PODFILE_DIR_PATH}/Podfile.lock\" \"${PODS_ROOT}/Manifest.lock\" > /dev/null\nif [ $? != 0 ] ; then\n    # print error to STDERR\n    echo \"error: The sandbox is not in sync with the Podfile.lock. Run 'pod install' or update your CocoaPods installation.\" >&2\n    exit 1\nfi\n# This output is used by Xcode 'outputs' to avoid re-running this script phase.\necho \"SUCCESS\" > \"${SCRIPT_OUTPUT_FILE_0}\"\n";
			showEnvVarsInLog = 0;
		};
		8EC950F9E126FE16F7976E6D /* [CP] Copy Pods Resources */ = {
			isa = PBXShellScriptBuildPhase;
			buildActionMask = 2147483647;
			files = (
			);
			inputPaths = (
			);
			name = "[CP] Copy Pods Resources";
			outputPaths = (
			);
			runOnlyForDeploymentPostprocessing = 0;
			shellPath = /bin/sh;
			shellScript = "\"${SRCROOT}/Pods/Target Support Files/Pods-RPPT/Pods-RPPT-resources.sh\"\n";
			showEnvVarsInLog = 0;
		};
/* End PBXShellScriptBuildPhase section */

/* Begin PBXSourcesBuildPhase section */
		AA881AAA19DE6F87004F9DB1 /* Sources */ = {
			isa = PBXSourcesBuildPhase;
			buildActionMask = 2147483647;
			files = (
				1420014E1FD74FE600D21F94 /* RPPTSessionManager.swift in Sources */,
				1420014A1FD74F0500D21F94 /* RPPTLocationManager.swift in Sources */,
				AA78AA6A1A0C20D100CA4B40 /* bridge.m in Sources */,
				142001521FD75E7C00D21F94 /* RPPTClient.swift in Sources */,
				142001561FD767FC00D21F94 /* RPPTTask.swift in Sources */,
				94449CCC1E2367CC0033430C /* ScreenCapturer.swift in Sources */,
				AA881AB619DE6F88004F9DB1 /* RPPTController.swift in Sources */,
				AA881AB419DE6F88004F9DB1 /* AppDelegate.swift in Sources */,
				142001541FD7622800D21F94 /* RPPTClient+Session.swift in Sources */,
				142001481FD74BC000D21F94 /* RPPTClient+Location.swift in Sources */,
			);
			runOnlyForDeploymentPostprocessing = 0;
		};
/* End PBXSourcesBuildPhase section */

/* Begin PBXVariantGroup section */
		AA11A15C19EB3FE9008CFDEA /* Main.storyboard */ = {
			isa = PBXVariantGroup;
			children = (
				AA11A15D19EB3FE9008CFDEA /* Base */,
			);
			name = Main.storyboard;
			sourceTree = "<group>";
		};
		AA881ABC19DE6F88004F9DB1 /* LaunchScreen.xib */ = {
			isa = PBXVariantGroup;
			children = (
				AA881ABD19DE6F88004F9DB1 /* Base */,
			);
			name = LaunchScreen.xib;
			sourceTree = "<group>";
		};
/* End PBXVariantGroup section */

/* Begin XCBuildConfiguration section */
		AA881ACB19DE6F88004F9DB1 /* Debug */ = {
			isa = XCBuildConfiguration;
			buildSettings = {
				ALWAYS_SEARCH_USER_PATHS = NO;
				CLANG_CXX_LANGUAGE_STANDARD = "gnu++0x";
				CLANG_CXX_LIBRARY = "libc++";
				CLANG_ENABLE_MODULES = YES;
				CLANG_ENABLE_OBJC_ARC = YES;
				CLANG_WARN_BLOCK_CAPTURE_AUTORELEASING = YES;
				CLANG_WARN_BOOL_CONVERSION = YES;
				CLANG_WARN_COMMA = YES;
				CLANG_WARN_CONSTANT_CONVERSION = YES;
				CLANG_WARN_DIRECT_OBJC_ISA_USAGE = YES_ERROR;
				CLANG_WARN_EMPTY_BODY = YES;
				CLANG_WARN_ENUM_CONVERSION = YES;
				CLANG_WARN_INFINITE_RECURSION = YES;
				CLANG_WARN_INT_CONVERSION = YES;
				CLANG_WARN_NON_LITERAL_NULL_CONVERSION = YES;
				CLANG_WARN_OBJC_LITERAL_CONVERSION = YES;
				CLANG_WARN_OBJC_ROOT_CLASS = YES_ERROR;
				CLANG_WARN_RANGE_LOOP_ANALYSIS = YES;
				CLANG_WARN_STRICT_PROTOTYPES = YES;
				CLANG_WARN_SUSPICIOUS_MOVE = YES;
				CLANG_WARN_UNREACHABLE_CODE = YES;
				CLANG_WARN__DUPLICATE_METHOD_MATCH = YES;
				"CODE_SIGN_IDENTITY[sdk=iphoneos*]" = "iPhone Developer";
				COPY_PHASE_STRIP = NO;
				ENABLE_STRICT_OBJC_MSGSEND = YES;
				ENABLE_TESTABILITY = YES;
				GCC_C_LANGUAGE_STANDARD = gnu99;
				GCC_DYNAMIC_NO_PIC = NO;
				GCC_NO_COMMON_BLOCKS = YES;
				GCC_OPTIMIZATION_LEVEL = 0;
				GCC_PREPROCESSOR_DEFINITIONS = (
					"DEBUG=1",
					"$(inherited)",
				);
				GCC_SYMBOLS_PRIVATE_EXTERN = NO;
				GCC_WARN_64_TO_32_BIT_CONVERSION = YES;
				GCC_WARN_ABOUT_RETURN_TYPE = YES_ERROR;
				GCC_WARN_UNDECLARED_SELECTOR = YES;
				GCC_WARN_UNINITIALIZED_AUTOS = YES_AGGRESSIVE;
				GCC_WARN_UNUSED_FUNCTION = YES;
				GCC_WARN_UNUSED_VARIABLE = YES;
				IPHONEOS_DEPLOYMENT_TARGET = 8.0;
				MTL_ENABLE_DEBUG_INFO = YES;
				ONLY_ACTIVE_ARCH = YES;
				SDKROOT = iphoneos;
				SWIFT_OPTIMIZATION_LEVEL = "-Onone";
				VALID_ARCHS = "arm64 armv7 armv7s x86_64";
			};
			name = Debug;
		};
		AA881ACC19DE6F88004F9DB1 /* Release */ = {
			isa = XCBuildConfiguration;
			buildSettings = {
				ALWAYS_SEARCH_USER_PATHS = NO;
				CLANG_CXX_LANGUAGE_STANDARD = "gnu++0x";
				CLANG_CXX_LIBRARY = "libc++";
				CLANG_ENABLE_MODULES = YES;
				CLANG_ENABLE_OBJC_ARC = YES;
				CLANG_WARN_BLOCK_CAPTURE_AUTORELEASING = YES;
				CLANG_WARN_BOOL_CONVERSION = YES;
				CLANG_WARN_COMMA = YES;
				CLANG_WARN_CONSTANT_CONVERSION = YES;
				CLANG_WARN_DIRECT_OBJC_ISA_USAGE = YES_ERROR;
				CLANG_WARN_EMPTY_BODY = YES;
				CLANG_WARN_ENUM_CONVERSION = YES;
				CLANG_WARN_INFINITE_RECURSION = YES;
				CLANG_WARN_INT_CONVERSION = YES;
				CLANG_WARN_NON_LITERAL_NULL_CONVERSION = YES;
				CLANG_WARN_OBJC_LITERAL_CONVERSION = YES;
				CLANG_WARN_OBJC_ROOT_CLASS = YES_ERROR;
				CLANG_WARN_RANGE_LOOP_ANALYSIS = YES;
				CLANG_WARN_STRICT_PROTOTYPES = YES;
				CLANG_WARN_SUSPICIOUS_MOVE = YES;
				CLANG_WARN_UNREACHABLE_CODE = YES;
				CLANG_WARN__DUPLICATE_METHOD_MATCH = YES;
				"CODE_SIGN_IDENTITY[sdk=iphoneos*]" = "iPhone Developer";
				COPY_PHASE_STRIP = YES;
				ENABLE_NS_ASSERTIONS = NO;
				ENABLE_STRICT_OBJC_MSGSEND = YES;
				GCC_C_LANGUAGE_STANDARD = gnu99;
				GCC_NO_COMMON_BLOCKS = YES;
				GCC_WARN_64_TO_32_BIT_CONVERSION = YES;
				GCC_WARN_ABOUT_RETURN_TYPE = YES_ERROR;
				GCC_WARN_UNDECLARED_SELECTOR = YES;
				GCC_WARN_UNINITIALIZED_AUTOS = YES_AGGRESSIVE;
				GCC_WARN_UNUSED_FUNCTION = YES;
				GCC_WARN_UNUSED_VARIABLE = YES;
				IPHONEOS_DEPLOYMENT_TARGET = 8.0;
				MTL_ENABLE_DEBUG_INFO = NO;
				SDKROOT = iphoneos;
				SWIFT_OPTIMIZATION_LEVEL = "-Owholemodule";
				VALIDATE_PRODUCT = YES;
				VALID_ARCHS = "arm64 armv7 armv7s x86_64";
			};
			name = Release;
		};
		AA881ACE19DE6F88004F9DB1 /* Debug */ = {
			isa = XCBuildConfiguration;
			baseConfigurationReference = BAC4D294E94F714B7D5A2ADD /* Pods-RPPT.debug.xcconfig */;
			buildSettings = {
				ASSETCATALOG_COMPILER_APPICON_NAME = AppIcon;
				CLANG_ENABLE_MODULES = YES;
				CODE_SIGN_IDENTITY = "iPhone Developer";
				"CODE_SIGN_IDENTITY[sdk=iphoneos*]" = "iPhone Developer";
				DEVELOPMENT_TEAM = QR3YW3B828;
				ENABLE_BITCODE = NO;
				FRAMEWORK_SEARCH_PATHS = (
					"$(inherited)",
					"$(PROJECT_DIR)",
				);
				INFOPLIST_FILE = "remote-paper-prototyper-ios/Info.plist";
				IPHONEOS_DEPLOYMENT_TARGET = 9.3;
				LD_RUNPATH_SEARCH_PATHS = "$(inherited) @executable_path/Frameworks";
				ONLY_ACTIVE_ARCH = YES;
				OTHER_LDFLAGS = (
					"$(inherited)",
					"-ObjC",
					"-l\"icucore\"",
					"-framework",
					"\"CFNetwork\"",
					"-framework",
					"\"Foundation\"",
					"-framework",
					"\"Security\"",
				);
				PRODUCT_BUNDLE_IDENTIFIER = com.meggrasse.RPPT;
				PRODUCT_NAME = RPPT;
				PROVISIONING_PROFILE = "";
				SWIFT_OBJC_BRIDGING_HEADER = "remote-paper-prototyper-ios-Bridging-Header.h";
				SWIFT_OPTIMIZATION_LEVEL = "-Onone";
				SWIFT_SWIFT3_OBJC_INFERENCE = On;
				SWIFT_VERSION = 4.0;
				VALID_ARCHS = "armv7 armv7s arm64";
			};
			name = Debug;
		};
		AA881ACF19DE6F88004F9DB1 /* Release */ = {
			isa = XCBuildConfiguration;
			baseConfigurationReference = AFC979B52F055A9F2DD1F3CD /* Pods-RPPT.release.xcconfig */;
			buildSettings = {
				ASSETCATALOG_COMPILER_APPICON_NAME = AppIcon;
				CLANG_ENABLE_MODULES = YES;
				CODE_SIGN_IDENTITY = "iPhone Developer";
				"CODE_SIGN_IDENTITY[sdk=iphoneos*]" = "iPhone Developer";
				DEVELOPMENT_TEAM = QR3YW3B828;
				ENABLE_BITCODE = NO;
				FRAMEWORK_SEARCH_PATHS = (
					"$(inherited)",
					"$(PROJECT_DIR)",
				);
				INFOPLIST_FILE = "remote-paper-prototyper-ios/Info.plist";
				IPHONEOS_DEPLOYMENT_TARGET = 9.3;
				LD_RUNPATH_SEARCH_PATHS = "$(inherited) @executable_path/Frameworks";
				ONLY_ACTIVE_ARCH = NO;
				OTHER_LDFLAGS = (
					"$(inherited)",
					"-ObjC",
					"-l\"icucore\"",
					"-framework",
					"\"CFNetwork\"",
					"-framework",
					"\"Foundation\"",
					"-framework",
					"\"Security\"",
				);
				PRODUCT_BUNDLE_IDENTIFIER = com.meggrasse.RPPT;
				PRODUCT_NAME = RPPT;
				PROVISIONING_PROFILE = "";
				SWIFT_OBJC_BRIDGING_HEADER = "remote-paper-prototyper-ios-Bridging-Header.h";
				SWIFT_SWIFT3_OBJC_INFERENCE = On;
				SWIFT_VERSION = 4.0;
				VALID_ARCHS = "armv7 armv7s arm64";
			};
			name = Release;
		};
/* End XCBuildConfiguration section */

/* Begin XCConfigurationList section */
		AA881AA919DE6F87004F9DB1 /* Build configuration list for PBXProject "RPPT" */ = {
			isa = XCConfigurationList;
			buildConfigurations = (
				AA881ACB19DE6F88004F9DB1 /* Debug */,
				AA881ACC19DE6F88004F9DB1 /* Release */,
			);
			defaultConfigurationIsVisible = 0;
			defaultConfigurationName = Release;
		};
		AA881ACD19DE6F88004F9DB1 /* Build configuration list for PBXNativeTarget "RPPT" */ = {
			isa = XCConfigurationList;
			buildConfigurations = (
				AA881ACE19DE6F88004F9DB1 /* Debug */,
				AA881ACF19DE6F88004F9DB1 /* Release */,
			);
			defaultConfigurationIsVisible = 0;
			defaultConfigurationName = Release;
		};
/* End XCConfigurationList section */
	};
	rootObject = AA881AA619DE6F87004F9DB1 /* Project object */;
}
